
Microsoft Visual Studio Solution File, Format Version 12.00
# Visual Studio Version 16
VisualStudioVersion = 16.0.30907.101
MinimumVisualStudioVersion = 10.0.40219.1
Project("{FAE04EC0-301F-11D3-BF4B-00C04F79EFBC}") = "SBSender", "SBSender\SBSender.csproj", "{B7FC63CE-EA98-4D71-BB92-0F93D98C7956}"
EndProject
Project("{FAE04EC0-301F-11D3-BF4B-00C04F79EFBC}") = "SBShared", "SBShared\SBShared.csproj", "{03EDF8D5-57F9-4B45-84A5-807A30904CFA}"
EndProject
Project("{FAE04EC0-301F-11D3-BF4B-00C04F79EFBC}") = "SBReceiver", "SBReceiver\SBReceiver.csproj", "{B621AABE-F0C0-4677-BE1F-4A00EBD02C7A}"
EndProject
Global
	GlobalSection(SolutionConfigurationPlatforms) = preSolution
		Debug|Any CPU = Debug|Any CPU
		Release|Any CPU = Release|Any CPU
	EndGlobalSection
	GlobalSection(ProjectConfigurationPlatforms) = postSolution
		{B7FC63CE-EA98-4D71-BB92-0F93D98C7956}.Debug|Any CPU.ActiveCfg = Debug|Any CPU
		{B7FC63CE-EA98-4D71-BB92-0F93D98C7956}.Debug|Any CPU.Build.0 = Debug|Any CPU
		{B7FC63CE-EA98-4D71-BB92-0F93D98C7956}.Release|Any CPU.ActiveCfg = Release|Any CPU
		{B7FC63CE-EA98-4D71-BB92-0F93D98C7956}.Release|Any CPU.Build.0 = Release|Any CPU
		{03EDF8D5-57F9-4B45-84A5-807A30904CFA}.Debug|Any CPU.ActiveCfg = Debug|Any CPU
		{03EDF8D5-57F9-4B45-84A5-807A30904CFA}.Debug|Any CPU.Build.0 = Debug|Any CPU
		{03EDF8D5-57F9-4B45-84A5-807A30904CFA}.Release|Any CPU.ActiveCfg = Release|Any CPU
		{03EDF8D5-57F9-4B45-84A5-807A30904CFA}.Release|Any CPU.Build.0 = Release|Any CPU
		{B621AABE-F0C0-4677-BE1F-4A00EBD02C7A}.Debug|Any CPU.ActiveCfg = Debug|Any CPU
		{B621AABE-F0C0-4677-BE1F-4A00EBD02C7A}.Debug|Any CPU.Build.0 = Debug|Any CPU
		{B621AABE-F0C0-4677-BE1F-4A00EBD02C7A}.Release|Any CPU.ActiveCfg = Release|Any CPU
		{B621AABE-F0C0-4677-BE1F-4A00EBD02C7A}.Release|Any CPU.Build.0 = Release|Any CPU
	EndGlobalSection
	GlobalSection(SolutionProperties) = preSolution
		HideSolutionNode = FALSE
	EndGlobalSection
	GlobalSection(ExtensibilityGlobals) = postSolution
		SolutionGuid = {B81071B5-2364-4122-9719-FF291B56FBDF}
	EndGlobalSection
EndGlobal
